// !$*UTF8*$!
{
	archiveVersion = 1;
	classes = {
	};
	objectVersion = 46;
	objects = {

/* Begin PBXBuildFile section */
		C637F6FD1AD7CBCE00B20BD9 /* AppDelegate.swift in Sources */ = {isa = PBXBuildFile; fileRef = C637F6FC1AD7CBCE00B20BD9 /* AppDelegate.swift */; };
		C637F7001AD7CBCE00B20BD9 /* Minication.xcdatamodeld in Sources */ = {isa = PBXBuildFile; fileRef = C637F6FE1AD7CBCE00B20BD9 /* Minication.xcdatamodeld */; };
		C637F7021AD7CBCE00B20BD9 /* ViewController.swift in Sources */ = {isa = PBXBuildFile; fileRef = C637F7011AD7CBCE00B20BD9 /* ViewController.swift */; };
		C637F7051AD7CBCE00B20BD9 /* Main.storyboard in Resources */ = {isa = PBXBuildFile; fileRef = C637F7031AD7CBCE00B20BD9 /* Main.storyboard */; };
		C637F7071AD7CBCE00B20BD9 /* Images.xcassets in Resources */ = {isa = PBXBuildFile; fileRef = C637F7061AD7CBCE00B20BD9 /* Images.xcassets */; };
		C637F70A1AD7CBCE00B20BD9 /* LaunchScreen.xib in Resources */ = {isa = PBXBuildFile; fileRef = C637F7081AD7CBCE00B20BD9 /* LaunchScreen.xib */; };
		C637F7161AD7CBCE00B20BD9 /* MinicationTests.swift in Sources */ = {isa = PBXBuildFile; fileRef = C637F7151AD7CBCE00B20BD9 /* MinicationTests.swift */; };
		C637F7281AD7CBFC00B20BD9 /* InterfaceController.swift in Sources */ = {isa = PBXBuildFile; fileRef = C637F7271AD7CBFC00B20BD9 /* InterfaceController.swift */; };
		C637F72A1AD7CBFC00B20BD9 /* Images.xcassets in Resources */ = {isa = PBXBuildFile; fileRef = C637F7291AD7CBFC00B20BD9 /* Images.xcassets */; };
		C637F72E1AD7CBFC00B20BD9 /* Minication WatchKit App.app in Resources */ = {isa = PBXBuildFile; fileRef = C637F72D1AD7CBFC00B20BD9 /* Minication WatchKit App.app */; };
		C637F7361AD7CBFC00B20BD9 /* Interface.storyboard in Resources */ = {isa = PBXBuildFile; fileRef = C637F7341AD7CBFC00B20BD9 /* Interface.storyboard */; };
		C637F7381AD7CBFC00B20BD9 /* Images.xcassets in Resources */ = {isa = PBXBuildFile; fileRef = C637F7371AD7CBFC00B20BD9 /* Images.xcassets */; };
		C637F73B1AD7CBFC00B20BD9 /* Minication WatchKit Extension.appex in Embed App Extensions */ = {isa = PBXBuildFile; fileRef = C637F7231AD7CBFC00B20BD9 /* Minication WatchKit Extension.appex */; settings = {ATTRIBUTES = (RemoveHeadersOnCopy, ); }; };
/* End PBXBuildFile section */

/* Begin PBXContainerItemProxy section */
		C637F7101AD7CBCE00B20BD9 /* PBXContainerItemProxy */ = {
			isa = PBXContainerItemProxy;
			containerPortal = C637F6EF1AD7CBCE00B20BD9 /* Project object */;
			proxyType = 1;
			remoteGlobalIDString = C637F6F61AD7CBCE00B20BD9;
			remoteInfo = Minication;
		};
		C637F72F1AD7CBFC00B20BD9 /* PBXContainerItemProxy */ = {
			isa = PBXContainerItemProxy;
			containerPortal = C637F6EF1AD7CBCE00B20BD9 /* Project object */;
			proxyType = 1;
			remoteGlobalIDString = C637F72C1AD7CBFC00B20BD9;
			remoteInfo = "Minication WatchKit App";
		};
		C637F7391AD7CBFC00B20BD9 /* PBXContainerItemProxy */ = {
			isa = PBXContainerItemProxy;
			containerPortal = C637F6EF1AD7CBCE00B20BD9 /* Project object */;
			proxyType = 1;
			remoteGlobalIDString = C637F7221AD7CBFC00B20BD9;
			remoteInfo = "Minication WatchKit Extension";
		};
/* End PBXContainerItemProxy section */

/* Begin PBXCopyFilesBuildPhase section */
		C637F7421AD7CBFC00B20BD9 /* Embed App Extensions */ = {
			isa = PBXCopyFilesBuildPhase;
			buildActionMask = 2147483647;
			dstPath = "";
			dstSubfolderSpec = 13;
			files = (
				C637F73B1AD7CBFC00B20BD9 /* Minication WatchKit Extension.appex in Embed App Extensions */,
			);
			name = "Embed App Extensions";
			runOnlyForDeploymentPostprocessing = 0;
		};
/* End PBXCopyFilesBuildPhase section */

/* Begin PBXFileReference section */
		C637F6F71AD7CBCE00B20BD9 /* Minication.app */ = {isa = PBXFileReference; explicitFileType = wrapper.application; includeInIndex = 0; path = Minication.app; sourceTree = BUILT_PRODUCTS_DIR; };
		C637F6FB1AD7CBCE00B20BD9 /* Info.plist */ = {isa = PBXFileReference; lastKnownFileType = text.plist.xml; path = Info.plist; sourceTree = "<group>"; };
		C637F6FC1AD7CBCE00B20BD9 /* AppDelegate.swift */ = {isa = PBXFileReference; lastKnownFileType = sourcecode.swift; path = AppDelegate.swift; sourceTree = "<group>"; };
		C637F6FF1AD7CBCE00B20BD9 /* Minication.xcdatamodel */ = {isa = PBXFileReference; lastKnownFileType = wrapper.xcdatamodel; path = Minication.xcdatamodel; sourceTree = "<group>"; };
		C637F7011AD7CBCE00B20BD9 /* ViewController.swift */ = {isa = PBXFileReference; lastKnownFileType = sourcecode.swift; path = ViewController.swift; sourceTree = "<group>"; };
		C637F7041AD7CBCE00B20BD9 /* Base */ = {isa = PBXFileReference; lastKnownFileType = file.storyboard; name = Base; path = Base.lproj/Main.storyboard; sourceTree = "<group>"; };
		C637F7061AD7CBCE00B20BD9 /* Images.xcassets */ = {isa = PBXFileReference; lastKnownFileType = folder.assetcatalog; path = Images.xcassets; sourceTree = "<group>"; };
		C637F7091AD7CBCE00B20BD9 /* Base */ = {isa = PBXFileReference; lastKnownFileType = file.xib; name = Base; path = Base.lproj/LaunchScreen.xib; sourceTree = "<group>"; };
		C637F70F1AD7CBCE00B20BD9 /* MinicationTests.xctest */ = {isa = PBXFileReference; explicitFileType = wrapper.cfbundle; includeInIndex = 0; path = MinicationTests.xctest; sourceTree = BUILT_PRODUCTS_DIR; };
		C637F7141AD7CBCE00B20BD9 /* Info.plist */ = {isa = PBXFileReference; lastKnownFileType = text.plist.xml; path = Info.plist; sourceTree = "<group>"; };
		C637F7151AD7CBCE00B20BD9 /* MinicationTests.swift */ = {isa = PBXFileReference; lastKnownFileType = sourcecode.swift; path = MinicationTests.swift; sourceTree = "<group>"; };
		C637F7231AD7CBFC00B20BD9 /* Minication WatchKit Extension.appex */ = {isa = PBXFileReference; explicitFileType = "wrapper.app-extension"; includeInIndex = 0; path = "Minication WatchKit Extension.appex"; sourceTree = BUILT_PRODUCTS_DIR; };
		C637F7261AD7CBFC00B20BD9 /* Info.plist */ = {isa = PBXFileReference; lastKnownFileType = text.plist.xml; path = Info.plist; sourceTree = "<group>"; };
		C637F7271AD7CBFC00B20BD9 /* InterfaceController.swift */ = {isa = PBXFileReference; lastKnownFileType = sourcecode.swift; path = InterfaceController.swift; sourceTree = "<group>"; };
		C637F7291AD7CBFC00B20BD9 /* Images.xcassets */ = {isa = PBXFileReference; lastKnownFileType = folder.assetcatalog; path = Images.xcassets; sourceTree = "<group>"; };
		C637F72D1AD7CBFC00B20BD9 /* Minication WatchKit App.app */ = {isa = PBXFileReference; explicitFileType = wrapper.application; includeInIndex = 0; path = "Minication WatchKit App.app"; sourceTree = BUILT_PRODUCTS_DIR; };
		C637F7331AD7CBFC00B20BD9 /* Info.plist */ = {isa = PBXFileReference; lastKnownFileType = text.plist.xml; path = Info.plist; sourceTree = "<group>"; };
		C637F7351AD7CBFC00B20BD9 /* Base */ = {isa = PBXFileReference; lastKnownFileType = file.storyboard; name = Base; path = Base.lproj/Interface.storyboard; sourceTree = "<group>"; };
		C637F7371AD7CBFC00B20BD9 /* Images.xcassets */ = {isa = PBXFileReference; lastKnownFileType = folder.assetcatalog; path = Images.xcassets; sourceTree = "<group>"; };
/* End PBXFileReference section */

/* Begin PBXFrameworksBuildPhase section */
		C637F6F41AD7CBCE00B20BD9 /* Frameworks */ = {
			isa = PBXFrameworksBuildPhase;
			buildActionMask = 2147483647;
			files = (
			);
			runOnlyForDeploymentPostprocessing = 0;
		};
		C637F70C1AD7CBCE00B20BD9 /* Frameworks */ = {
			isa = PBXFrameworksBuildPhase;
			buildActionMask = 2147483647;
			files = (
			);
			runOnlyForDeploymentPostprocessing = 0;
		};
		C637F7201AD7CBFC00B20BD9 /* Frameworks */ = {
			isa = PBXFrameworksBuildPhase;
			buildActionMask = 2147483647;
			files = (
			);
			runOnlyForDeploymentPostprocessing = 0;
		};
/* End PBXFrameworksBuildPhase section */

/* Begin PBXGroup section */
		C637F6EE1AD7CBCE00B20BD9 = {
			isa = PBXGroup;
			children = (
				C637F6F91AD7CBCE00B20BD9 /* Minication */,
				C637F7121AD7CBCE00B20BD9 /* MinicationTests */,
				C637F7241AD7CBFC00B20BD9 /* Minication WatchKit Extension */,
				C637F7311AD7CBFC00B20BD9 /* Minication WatchKit App */,
				C637F6F81AD7CBCE00B20BD9 /* Products */,
			);
			sourceTree = "<group>";
		};
		C637F6F81AD7CBCE00B20BD9 /* Products */ = {
			isa = PBXGroup;
			children = (
				C637F6F71AD7CBCE00B20BD9 /* Minication.app */,
				C637F70F1AD7CBCE00B20BD9 /* MinicationTests.xctest */,
				C637F7231AD7CBFC00B20BD9 /* Minication WatchKit Extension.appex */,
				C637F72D1AD7CBFC00B20BD9 /* Minication WatchKit App.app */,
			);
			name = Products;
			sourceTree = "<group>";
		};
		C637F6F91AD7CBCE00B20BD9 /* Minication */ = {
			isa = PBXGroup;
			children = (
				C637F6FC1AD7CBCE00B20BD9 /* AppDelegate.swift */,
				C637F7011AD7CBCE00B20BD9 /* ViewController.swift */,
				C637F7031AD7CBCE00B20BD9 /* Main.storyboard */,
				C637F7061AD7CBCE00B20BD9 /* Images.xcassets */,
				C637F7081AD7CBCE00B20BD9 /* LaunchScreen.xib */,
				C637F6FE1AD7CBCE00B20BD9 /* Minication.xcdatamodeld */,
				C637F6FA1AD7CBCE00B20BD9 /* Supporting Files */,
			);
			path = Minication;
			sourceTree = "<group>";
		};
		C637F6FA1AD7CBCE00B20BD9 /* Supporting Files */ = {
			isa = PBXGroup;
			children = (
				C637F6FB1AD7CBCE00B20BD9 /* Info.plist */,
			);
			name = "Supporting Files";
			sourceTree = "<group>";
		};
		C637F7121AD7CBCE00B20BD9 /* MinicationTests */ = {
			isa = PBXGroup;
			children = (
				C637F7151AD7CBCE00B20BD9 /* MinicationTests.swift */,
				C637F7131AD7CBCE00B20BD9 /* Supporting Files */,
			);
			path = MinicationTests;
			sourceTree = "<group>";
		};
		C637F7131AD7CBCE00B20BD9 /* Supporting Files */ = {
			isa = PBXGroup;
			children = (
				C637F7141AD7CBCE00B20BD9 /* Info.plist */,
			);
			name = "Supporting Files";
			sourceTree = "<group>";
		};
		C637F7241AD7CBFC00B20BD9 /* Minication WatchKit Extension */ = {
			isa = PBXGroup;
			children = (
				C637F7271AD7CBFC00B20BD9 /* InterfaceController.swift */,
				C637F7291AD7CBFC00B20BD9 /* Images.xcassets */,
				C637F7251AD7CBFC00B20BD9 /* Supporting Files */,
			);
			path = "Minication WatchKit Extension";
			sourceTree = "<group>";
		};
		C637F7251AD7CBFC00B20BD9 /* Supporting Files */ = {
			isa = PBXGroup;
			children = (
				C637F7261AD7CBFC00B20BD9 /* Info.plist */,
			);
			name = "Supporting Files";
			sourceTree = "<group>";
		};
		C637F7311AD7CBFC00B20BD9 /* Minication WatchKit App */ = {
			isa = PBXGroup;
			children = (
				C637F7341AD7CBFC00B20BD9 /* Interface.storyboard */,
				C637F7371AD7CBFC00B20BD9 /* Images.xcassets */,
				C637F7321AD7CBFC00B20BD9 /* Supporting Files */,
			);
			path = "Minication WatchKit App";
			sourceTree = "<group>";
		};
		C637F7321AD7CBFC00B20BD9 /* Supporting Files */ = {
			isa = PBXGroup;
			children = (
				C637F7331AD7CBFC00B20BD9 /* Info.plist */,
			);
			name = "Supporting Files";
			sourceTree = "<group>";
		};
/* End PBXGroup section */

/* Begin PBXNativeTarget section */
		C637F6F61AD7CBCE00B20BD9 /* Minication */ = {
			isa = PBXNativeTarget;
			buildConfigurationList = C637F7191AD7CBCE00B20BD9 /* Build configuration list for PBXNativeTarget "Minication" */;
			buildPhases = (
				C637F6F31AD7CBCE00B20BD9 /* Sources */,
				C637F6F41AD7CBCE00B20BD9 /* Frameworks */,
				C637F6F51AD7CBCE00B20BD9 /* Resources */,
				C637F7421AD7CBFC00B20BD9 /* Embed App Extensions */,
			);
			buildRules = (
			);
			dependencies = (
				C637F73A1AD7CBFC00B20BD9 /* PBXTargetDependency */,
			);
			name = Minication;
			productName = Minication;
			productReference = C637F6F71AD7CBCE00B20BD9 /* Minication.app */;
			productType = "com.apple.product-type.application";
		};
		C637F70E1AD7CBCE00B20BD9 /* MinicationTests */ = {
			isa = PBXNativeTarget;
			buildConfigurationList = C637F71C1AD7CBCE00B20BD9 /* Build configuration list for PBXNativeTarget "MinicationTests" */;
			buildPhases = (
				C637F70B1AD7CBCE00B20BD9 /* Sources */,
				C637F70C1AD7CBCE00B20BD9 /* Frameworks */,
				C637F70D1AD7CBCE00B20BD9 /* Resources */,
			);
			buildRules = (
			);
			dependencies = (
				C637F7111AD7CBCE00B20BD9 /* PBXTargetDependency */,
			);
			name = MinicationTests;
			productName = MinicationTests;
			productReference = C637F70F1AD7CBCE00B20BD9 /* MinicationTests.xctest */;
			productType = "com.apple.product-type.bundle.unit-test";
		};
		C637F7221AD7CBFC00B20BD9 /* Minication WatchKit Extension */ = {
			isa = PBXNativeTarget;
			buildConfigurationList = C637F73F1AD7CBFC00B20BD9 /* Build configuration list for PBXNativeTarget "Minication WatchKit Extension" */;
			buildPhases = (
				C637F71F1AD7CBFC00B20BD9 /* Sources */,
				C637F7201AD7CBFC00B20BD9 /* Frameworks */,
				C637F7211AD7CBFC00B20BD9 /* Resources */,
			);
			buildRules = (
			);
			dependencies = (
				C637F7301AD7CBFC00B20BD9 /* PBXTargetDependency */,
			);
			name = "Minication WatchKit Extension";
			productName = "Minication WatchKit Extension";
			productReference = C637F7231AD7CBFC00B20BD9 /* Minication WatchKit Extension.appex */;
			productType = "com.apple.product-type.watchkit-extension";
		};
		C637F72C1AD7CBFC00B20BD9 /* Minication WatchKit App */ = {
			isa = PBXNativeTarget;
			buildConfigurationList = C637F73C1AD7CBFC00B20BD9 /* Build configuration list for PBXNativeTarget "Minication WatchKit App" */;
			buildPhases = (
				C637F72B1AD7CBFC00B20BD9 /* Resources */,
			);
			buildRules = (
			);
			dependencies = (
			);
			name = "Minication WatchKit App";
			productName = "Minication WatchKit App";
			productReference = C637F72D1AD7CBFC00B20BD9 /* Minication WatchKit App.app */;
			productType = "com.apple.product-type.application.watchapp";
		};
/* End PBXNativeTarget section */

/* Begin PBXProject section */
		C637F6EF1AD7CBCE00B20BD9 /* Project object */ = {
			isa = PBXProject;
			attributes = {
				LastUpgradeCheck = 0620;
				ORGANIZATIONNAME = UlyssaElaine;
				TargetAttributes = {
					C637F6F61AD7CBCE00B20BD9 = {
						CreatedOnToolsVersion = 6.2;
					};
					C637F70E1AD7CBCE00B20BD9 = {
						CreatedOnToolsVersion = 6.2;
						TestTargetID = C637F6F61AD7CBCE00B20BD9;
					};
					C637F7221AD7CBFC00B20BD9 = {
						CreatedOnToolsVersion = 6.2;
					};
					C637F72C1AD7CBFC00B20BD9 = {
						CreatedOnToolsVersion = 6.2;
					};
				};
			};
			buildConfigurationList = C637F6F21AD7CBCE00B20BD9 /* Build configuration list for PBXProject "Minication" */;
			compatibilityVersion = "Xcode 3.2";
			developmentRegion = English;
			hasScannedForEncodings = 0;
			knownRegions = (
				en,
				Base,
			);
			mainGroup = C637F6EE1AD7CBCE00B20BD9;
			productRefGroup = C637F6F81AD7CBCE00B20BD9 /* Products */;
			projectDirPath = "";
			projectRoot = "";
			targets = (
				C637F6F61AD7CBCE00B20BD9 /* Minication */,
				C637F70E1AD7CBCE00B20BD9 /* MinicationTests */,
				C637F7221AD7CBFC00B20BD9 /* Minication WatchKit Extension */,
				C637F72C1AD7CBFC00B20BD9 /* Minication WatchKit App */,
			);
		};
/* End PBXProject section */

/* Begin PBXResourcesBuildPhase section */
		C637F6F51AD7CBCE00B20BD9 /* Resources */ = {
			isa = PBXResourcesBuildPhase;
			buildActionMask = 2147483647;
			files = (
				C637F7051AD7CBCE00B20BD9 /* Main.storyboard in Resources */,
				C637F70A1AD7CBCE00B20BD9 /* LaunchScreen.xib in Resources */,
				C637F7071AD7CBCE00B20BD9 /* Images.xcassets in Resources */,
			);
			runOnlyForDeploymentPostprocessing = 0;
		};
		C637F70D1AD7CBCE00B20BD9 /* Resources */ = {
			isa = PBXResourcesBuildPhase;
			buildActionMask = 2147483647;
			files = (
			);
			runOnlyForDeploymentPostprocessing = 0;
		};
		C637F7211AD7CBFC00B20BD9 /* Resources */ = {
			isa = PBXResourcesBuildPhase;
			buildActionMask = 2147483647;
			files = (
				C637F72A1AD7CBFC00B20BD9 /* Images.xcassets in Resources */,
				C637F72E1AD7CBFC00B20BD9 /* Minication WatchKit App.app in Resources */,
			);
			runOnlyForDeploymentPostprocessing = 0;
		};
		C637F72B1AD7CBFC00B20BD9 /* Resources */ = {
			isa = PBXResourcesBuildPhase;
			buildActionMask = 2147483647;
			files = (
				C637F7361AD7CBFC00B20BD9 /* Interface.storyboard in Resources */,
				C637F7381AD7CBFC00B20BD9 /* Images.xcassets in Resources */,
			);
			runOnlyForDeploymentPostprocessing = 0;
		};
/* End PBXResourcesBuildPhase section */

/* Begin PBXSourcesBuildPhase section */
		C637F6F31AD7CBCE00B20BD9 /* Sources */ = {
			isa = PBXSourcesBuildPhase;
			buildActionMask = 2147483647;
			files = (
				C637F7021AD7CBCE00B20BD9 /* ViewController.swift in Sources */,
				C637F7001AD7CBCE00B20BD9 /* Minication.xcdatamodeld in Sources */,
				C637F6FD1AD7CBCE00B20BD9 /* AppDelegate.swift in Sources */,
			);
			runOnlyForDeploymentPostprocessing = 0;
		};
		C637F70B1AD7CBCE00B20BD9 /* Sources */ = {
			isa = PBXSourcesBuildPhase;
			buildActionMask = 2147483647;
			files = (
				C637F7161AD7CBCE00B20BD9 /* MinicationTests.swift in Sources */,
			);
			runOnlyForDeploymentPostprocessing = 0;
		};
		C637F71F1AD7CBFC00B20BD9 /* Sources */ = {
			isa = PBXSourcesBuildPhase;
			buildActionMask = 2147483647;
			files = (
				C637F7281AD7CBFC00B20BD9 /* InterfaceController.swift in Sources */,
			);
			runOnlyForDeploymentPostprocessing = 0;
		};
/* End PBXSourcesBuildPhase section */

/* Begin PBXTargetDependency section */
		C637F7111AD7CBCE00B20BD9 /* PBXTargetDependency */ = {
			isa = PBXTargetDependency;
			target = C637F6F61AD7CBCE00B20BD9 /* Minication */;
			targetProxy = C637F7101AD7CBCE00B20BD9 /* PBXContainerItemProxy */;
		};
		C637F7301AD7CBFC00B20BD9 /* PBXTargetDependency */ = {
			isa = PBXTargetDependency;
			target = C637F72C1AD7CBFC00B20BD9 /* Minication WatchKit App */;
			targetProxy = C637F72F1AD7CBFC00B20BD9 /* PBXContainerItemProxy */;
		};
		C637F73A1AD7CBFC00B20BD9 /* PBXTargetDependency */ = {
			isa = PBXTargetDependency;
			target = C637F7221AD7CBFC00B20BD9 /* Minication WatchKit Extension */;
			targetProxy = C637F7391AD7CBFC00B20BD9 /* PBXContainerItemProxy */;
		};
/* End PBXTargetDependency section */

/* Begin PBXVariantGroup section */
		C637F7031AD7CBCE00B20BD9 /* Main.storyboard */ = {
			isa = PBXVariantGroup;
			children = (
				C637F7041AD7CBCE00B20BD9 /* Base */,
			);
			name = Main.storyboard;
			sourceTree = "<group>";
		};
		C637F7081AD7CBCE00B20BD9 /* LaunchScreen.xib */ = {
			isa = PBXVariantGroup;
			children = (
				C637F7091AD7CBCE00B20BD9 /* Base */,
			);
			name = LaunchScreen.xib;
			sourceTree = "<group>";
		};
		C637F7341AD7CBFC00B20BD9 /* Interface.storyboard */ = {
			isa = PBXVariantGroup;
			children = (
				C637F7351AD7CBFC00B20BD9 /* Base */,
			);
			name = Interface.storyboard;
			sourceTree = "<group>";
		};
/* End PBXVariantGroup section */

/* Begin XCBuildConfiguration section */
		C637F7171AD7CBCE00B20BD9 /* Debug */ = {
			isa = XCBuildConfiguration;
			buildSettings = {
				ALWAYS_SEARCH_USER_PATHS = NO;
				CLANG_CXX_LANGUAGE_STANDARD = "gnu++0x";
				CLANG_CXX_LIBRARY = "libc++";
				CLANG_ENABLE_MODULES = YES;
				CLANG_ENABLE_OBJC_ARC = YES;
				CLANG_WARN_BOOL_CONVERSION = YES;
				CLANG_WARN_CONSTANT_CONVERSION = YES;
				CLANG_WARN_DIRECT_OBJC_ISA_USAGE = YES_ERROR;
				CLANG_WARN_EMPTY_BODY = YES;
				CLANG_WARN_ENUM_CONVERSION = YES;
				CLANG_WARN_INT_CONVERSION = YES;
				CLANG_WARN_OBJC_ROOT_CLASS = YES_ERROR;
				CLANG_WARN_UNREACHABLE_CODE = YES;
				CLANG_WARN__DUPLICATE_METHOD_MATCH = YES;
				"CODE_SIGN_IDENTITY[sdk=iphoneos*]" = "iPhone Developer";
				COPY_PHASE_STRIP = NO;
				ENABLE_STRICT_OBJC_MSGSEND = YES;
				GCC_C_LANGUAGE_STANDARD = gnu99;
				GCC_DYNAMIC_NO_PIC = NO;
				GCC_OPTIMIZATION_LEVEL = 0;
				GCC_PREPROCESSOR_DEFINITIONS = (
					"DEBUG=1",
					"$(inherited)",
				);
				GCC_SYMBOLS_PRIVATE_EXTERN = NO;
				GCC_WARN_64_TO_32_BIT_CONVERSION = YES;
				GCC_WARN_ABOUT_RETURN_TYPE = YES_ERROR;
				GCC_WARN_UNDECLARED_SELECTOR = YES;
				GCC_WARN_UNINITIALIZED_AUTOS = YES_AGGRESSIVE;
				GCC_WARN_UNUSED_FUNCTION = YES;
				GCC_WARN_UNUSED_VARIABLE = YES;
				IPHONEOS_DEPLOYMENT_TARGET = 8.2;
				MTL_ENABLE_DEBUG_INFO = YES;
				ONLY_ACTIVE_ARCH = YES;
				SDKROOT = iphoneos;
				SWIFT_OPTIMIZATION_LEVEL = "-Onone";
			};
			name = Debug;
		};
		C637F7181AD7CBCE00B20BD9 /* Release */ = {
			isa = XCBuildConfiguration;
			buildSettings = {
				ALWAYS_SEARCH_USER_PATHS = NO;
				CLANG_CXX_LANGUAGE_STANDARD = "gnu++0x";
				CLANG_CXX_LIBRARY = "libc++";
				CLANG_ENABLE_MODULES = YES;
				CLANG_ENABLE_OBJC_ARC = YES;
				CLANG_WARN_BOOL_CONVERSION = YES;
				CLANG_WARN_CONSTANT_CONVERSION = YES;
				CLANG_WARN_DIRECT_OBJC_ISA_USAGE = YES_ERROR;
				CLANG_WARN_EMPTY_BODY = YES;
				CLANG_WARN_ENUM_CONVERSION = YES;
				CLANG_WARN_INT_CONVERSION = YES;
				CLANG_WARN_OBJC_ROOT_CLASS = YES_ERROR;
				CLANG_WARN_UNREACHABLE_CODE = YES;
				CLANG_WARN__DUPLICATE_METHOD_MATCH = YES;
				"CODE_SIGN_IDENTITY[sdk=iphoneos*]" = "iPhone Developer";
				COPY_PHASE_STRIP = NO;
				ENABLE_NS_ASSERTIONS = NO;
				ENABLE_STRICT_OBJC_MSGSEND = YES;
				GCC_C_LANGUAGE_STANDARD = gnu99;
				GCC_WARN_64_TO_32_BIT_CONVERSION = YES;
				GCC_WARN_ABOUT_RETURN_TYPE = YES_ERROR;
				GCC_WARN_UNDECLARED_SELECTOR = YES;
				GCC_WARN_UNINITIALIZED_AUTOS = YES_AGGRESSIVE;
				GCC_WARN_UNUSED_FUNCTION = YES;
				GCC_WARN_UNUSED_VARIABLE = YES;
				IPHONEOS_DEPLOYMENT_TARGET = 8.2;
				MTL_ENABLE_DEBUG_INFO = NO;
				SDKROOT = iphoneos;
				VALIDATE_PRODUCT = YES;
			};
			name = Release;
		};
		C637F71A1AD7CBCE00B20BD9 /* Debug */ = {
			isa = XCBuildConfiguration;
			buildSettings = {
				ASSETCATALOG_COMPILER_APPICON_NAME = AppIcon;
				EMBEDDED_CONTENT_CONTAINS_SWIFT = YES;
				INFOPLIST_FILE = Minication/Info.plist;
				LD_RUNPATH_SEARCH_PATHS = "$(inherited) @executable_path/Frameworks";
				PRODUCT_NAME = "$(TARGET_NAME)";
			};
			name = Debug;
		};
		C637F71B1AD7CBCE00B20BD9 /* Release */ = {
			isa = XCBuildConfiguration;
			buildSettings = {
				ASSETCATALOG_COMPILER_APPICON_NAME = AppIcon;
				EMBEDDED_CONTENT_CONTAINS_SWIFT = YES;
				INFOPLIST_FILE = Minication/Info.plist;
				LD_RUNPATH_SEARCH_PATHS = "$(inherited) @executable_path/Frameworks";
				PRODUCT_NAME = "$(TARGET_NAME)";
			};
			name = Release;
		};
		C637F71D1AD7CBCE00B20BD9 /* Debug */ = {
			isa = XCBuildConfiguration;
			buildSettings = {
				BUNDLE_LOADER = "$(TEST_HOST)";
				FRAMEWORK_SEARCH_PATHS = (
					"$(SDKROOT)/Developer/Library/Frameworks",
					"$(inherited)",
				);
				GCC_PREPROCESSOR_DEFINITIONS = (
					"DEBUG=1",
					"$(inherited)",
				);
				INFOPLIST_FILE = MinicationTests/Info.plist;
				LD_RUNPATH_SEARCH_PATHS = "$(inherited) @executable_path/Frameworks @loader_path/Frameworks";
				PRODUCT_NAME = "$(TARGET_NAME)";
				TEST_HOST = "$(BUILT_PRODUCTS_DIR)/Minication.app/Minication";
			};
			name = Debug;
		};
		C637F71E1AD7CBCE00B20BD9 /* Release */ = {
			isa = XCBuildConfiguration;
			buildSettings = {
				BUNDLE_LOADER = "$(TEST_HOST)";
				FRAMEWORK_SEARCH_PATHS = (
					"$(SDKROOT)/Developer/Library/Frameworks",
					"$(inherited)",
				);
				INFOPLIST_FILE = MinicationTests/Info.plist;
				LD_RUNPATH_SEARCH_PATHS = "$(inherited) @executable_path/Frameworks @loader_path/Frameworks";
				PRODUCT_NAME = "$(TARGET_NAME)";
				TEST_HOST = "$(BUILT_PRODUCTS_DIR)/Minication.app/Minication";
			};
			name = Release;
		};
		C637F73D1AD7CBFC00B20BD9 /* Debug */ = {
			isa = XCBuildConfiguration;
			buildSettings = {
				ASSETCATALOG_COMPILER_APPICON_NAME = AppIcon;
				GCC_PREPROCESSOR_DEFINITIONS = (
					"DEBUG=1",
					"$(inherited)",
				);
				IBSC_MODULE = Minication_WatchKit_Extension;
				INFOPLIST_FILE = "Minication WatchKit App/Info.plist";
				PRODUCT_NAME = "$(TARGET_NAME)";
				SKIP_INSTALL = YES;
				TARGETED_DEVICE_FAMILY = 4;
				"TARGETED_DEVICE_FAMILY[sdk=iphonesimulator*]" = "1,4";
			};
			name = Debug;
		};
		C637F73E1AD7CBFC00B20BD9 /* Release */ = {
			isa = XCBuildConfiguration;
			buildSettings = {
				ASSETCATALOG_COMPILER_APPICON_NAME = AppIcon;
				IBSC_MODULE = Minication_WatchKit_Extension;
				INFOPLIST_FILE = "Minication WatchKit App/Info.plist";
				PRODUCT_NAME = "$(TARGET_NAME)";
				SKIP_INSTALL = YES;
				TARGETED_DEVICE_FAMILY = 4;
				"TARGETED_DEVICE_FAMILY[sdk=iphonesimulator*]" = "1,4";
			};
			name = Release;
		};
		C637F7401AD7CBFC00B20BD9 /* Debug */ = {
			isa = XCBuildConfiguration;
			buildSettings = {
				GCC_PREPROCESSOR_DEFINITIONS = (
					"DEBUG=1",
					"$(inherited)",
				);
				INFOPLIST_FILE = "Minication WatchKit Extension/Info.plist";
				LD_RUNPATH_SEARCH_PATHS = "$(inherited) @executable_path/Frameworks @executable_path/../../Frameworks";
				PRODUCT_NAME = "${TARGET_NAME}";
				SKIP_INSTALL = YES;
			};
			name = Debug;
		};
		C637F7411AD7CBFC00B20BD9 /* Release */ = {
			isa = XCBuildConfiguration;
			buildSettings = {
				INFOPLIST_FILE = "Minication WatchKit Extension/Info.plist";
				LD_RUNPATH_SEARCH_PATHS = "$(inherited) @executable_path/Frameworks @executable_path/../../Frameworks";
				PRODUCT_NAME = "${TARGET_NAME}";
				SKIP_INSTALL = YES;
			};
			name = Release;
		};
/* End XCBuildConfiguration section */

/* Begin XCConfigurationList section */
		C637F6F21AD7CBCE00B20BD9 /* Build configuration list for PBXProject "Minication" */ = {
			isa = XCConfigurationList;
			buildConfigurations = (
				C637F7171AD7CBCE00B20BD9 /* Debug */,
				C637F7181AD7CBCE00B20BD9 /* Release */,
			);
			defaultConfigurationIsVisible = 0;
			defaultConfigurationName = Release;
		};
		C637F7191AD7CBCE00B20BD9 /* Build configuration list for PBXNativeTarget "Minication" */ = {
			isa = XCConfigurationList;
			buildConfigurations = (
				C637F71A1AD7CBCE00B20BD9 /* Debug */,
				C637F71B1AD7CBCE00B20BD9 /* Release */,
			);
			defaultConfigurationIsVisible = 0;
		};
		C637F71C1AD7CBCE00B20BD9 /* Build configuration list for PBXNativeTarget "MinicationTests" */ = {
			isa = XCConfigurationList;
			buildConfigurations = (
				C637F71D1AD7CBCE00B20BD9 /* Debug */,
				C637F71E1AD7CBCE00B20BD9 /* Release */,
			);
			defaultConfigurationIsVisible = 0;
		};
		C637F73C1AD7CBFC00B20BD9 /* Build configuration list for PBXNativeTarget "Minication WatchKit App" */ = {
			isa = XCConfigurationList;
			buildConfigurations = (
				C637F73D1AD7CBFC00B20BD9 /* Debug */,
				C637F73E1AD7CBFC00B20BD9 /* Release */,
			);
			defaultConfigurationIsVisible = 0;
		};
		C637F73F1AD7CBFC00B20BD9 /* Build configuration list for PBXNativeTarget "Minication WatchKit Extension" */ = {
			isa = XCConfigurationList;
			buildConfigurations = (
				C637F7401AD7CBFC00B20BD9 /* Debug */,
				C637F7411AD7CBFC00B20BD9 /* Release */,
			);
			defaultConfigurationIsVisible = 0;
		};
/* End XCConfigurationList section */

/* Begin XCVersionGroup section */
		C637F6FE1AD7CBCE00B20BD9 /* Minication.xcdatamodeld */ = {
			isa = XCVersionGroup;
			children = (
				C637F6FF1AD7CBCE00B20BD9 /* Minication.xcdatamodel */,
			);
			currentVersion = C637F6FF1AD7CBCE00B20BD9 /* Minication.xcdatamodel */;
			path = Minication.xcdatamodeld;
			sourceTree = "<group>";
			versionGroupType = wrapper.xcdatamodel;
		};
/* End XCVersionGroup section */
	};
	rootObject = C637F6EF1AD7CBCE00B20BD9 /* Project object */;
}
